
Microsoft Visual Studio Solution File, Format Version 12.00
# Visual Studio Version 17
VisualStudioVersion = 17.14.36414.22 d17.14
MinimumVisualStudioVersion = 10.0.40219.1
Project("{FAE04EC0-301F-11D3-BF4B-00C04F79EFBC}") = "ConsoleAppNT8", "ConsoleAppNT8\ConsoleAppNT8.csproj", "{698F07A8-30C5-4CC0-BC31-B1F4FB1E6141}"
EndProject
Global
	GlobalSection(SolutionConfigurationPlatforms) = preSolution
		Debug|Any CPU = Debug|Any CPU
		Release|Any CPU = Release|Any CPU
	EndGlobalSection
	GlobalSection(ProjectConfigurationPlatforms) = postSolution
		{698F07A8-30C5-4CC0-BC31-B1F4FB1E6141}.Debug|Any CPU.ActiveCfg = Debug|Any CPU
		{698F07A8-30C5-4CC0-BC31-B1F4FB1E6141}.Debug|Any CPU.Build.0 = Debug|Any CPU
		{698F07A8-30C5-4CC0-BC31-B1F4FB1E6141}.Release|Any CPU.ActiveCfg = Release|Any CPU
		{698F07A8-30C5-4CC0-BC31-B1F4FB1E6141}.Release|Any CPU.Build.0 = Release|Any CPU
	EndGlobalSection
	GlobalSection(SolutionProperties) = preSolution
		HideSolutionNode = FALSE
	EndGlobalSection
	GlobalSection(ExtensibilityGlobals) = postSolution
		SolutionGuid = {46B33EB5-90F2-4011-9AC4-E178E706C635}
	EndGlobalSection
EndGlobal
